
Microsoft Visual Studio Solution File, Format Version 12.00
# Visual Studio Version 16
VisualStudioVersion = 16.0.28922.388
MinimumVisualStudioVersion = 10.0.40219.1
Project("{FAE04EC0-301F-11D3-BF4B-00C04F79EFBC}") = "WebApplication9", "WebApplication9\WebApplication9.csproj", "{B5322904-A380-4C5C-9D33-FD27B3CF450D}"
EndProject
Global
	GlobalSection(SolutionConfigurationPlatforms) = preSolution
		Debug|Any CPU = Debug|Any CPU
		Release|Any CPU = Release|Any CPU
	EndGlobalSection
	GlobalSection(ProjectConfigurationPlatforms) = postSolution
		{B5322904-A380-4C5C-9D33-FD27B3CF450D}.Debug|Any CPU.ActiveCfg = Debug|Any CPU
		{B5322904-A380-4C5C-9D33-FD27B3CF450D}.Debug|Any CPU.Build.0 = Debug|Any CPU
		{B5322904-A380-4C5C-9D33-FD27B3CF450D}.Release|Any CPU.ActiveCfg = Release|Any CPU
		{B5322904-A380-4C5C-9D33-FD27B3CF450D}.Release|Any CPU.Build.0 = Release|Any CPU
	EndGlobalSection
	GlobalSection(SolutionProperties) = preSolution
		HideSolutionNode = FALSE
	EndGlobalSection
	GlobalSection(ExtensibilityGlobals) = postSolution
		SolutionGuid = {F4A8AC65-1465-477F-90B8-8861EFC4C8FA}
	EndGlobalSection
EndGlobal
